# THIS IS AN AUTOGENERATED FILE. DO NOT EDIT THIS FILE DIRECTLY.
# yarn lockfile v1


prettier@^1.16.2:
  version "1.16.2"
  resolved "https://registry.yarnpkg.com/prettier/-/prettier-1.16.2.tgz#f60bc5929a7f9a05260cc88d5430391100092414"
  integrity sha512-vBMdCn1LjrFi2CpBsiWVKOq+WP9poXDTIGPe2sG3eE33LQ3b6IUgmaMjLZKKY+frD/8FqPeEK1qAx9mOV8iruA==

typescript@^3.2.4:
  version "3.2.4"
  resolved "https://registry.yarnpkg.com/typescript/-/typescript-3.2.4.tgz#c585cb952912263d915b462726ce244ba510ef3d"
  integrity sha512-0RNDbSdEokBeEAkgNbxJ+BLwSManFy9TeXz8uW+48j/xhEXv1ePME60olyzw2XzUqUBNAYFeJadIqAgNqIACwg==
